
Microsoft Visual Studio Solution File, Format Version 12.00
# Visual Studio Version 17
VisualStudioVersion = 17.5.33530.505
MinimumVisualStudioVersion = 10.0.40219.1
Project("{FAE04EC0-301F-11D3-BF4B-00C04F79EFBC}") = "MinecraftLegendsMyhticDevTools", "MinecraftLegendsMyhticDevTools.csproj", "{E3507C61-F912-4A81-B517-E106189F407A}"
EndProject
Global
	GlobalSection(SolutionConfigurationPlatforms) = preSolution
		Debug|Any CPU = Debug|Any CPU
		Release|Any CPU = Release|Any CPU
	EndGlobalSection
	GlobalSection(ProjectConfigurationPlatforms) = postSolution
		{E3507C61-F912-4A81-B517-E106189F407A}.Debug|Any CPU.ActiveCfg = Debug|Any CPU
		{E3507C61-F912-4A81-B517-E106189F407A}.Debug|Any CPU.Build.0 = Debug|Any CPU
		{E3507C61-F912-4A81-B517-E106189F407A}.Release|Any CPU.ActiveCfg = Release|Any CPU
		{E3507C61-F912-4A81-B517-E106189F407A}.Release|Any CPU.Build.0 = Release|Any CPU
	EndGlobalSection
	GlobalSection(SolutionProperties) = preSolution
		HideSolutionNode = FALSE
	EndGlobalSection
	GlobalSection(ExtensibilityGlobals) = postSolution
		SolutionGuid = {C6EC6343-CD2D-4BEC-B01D-6EFE37C47537}
	EndGlobalSection
EndGlobal
